<?xml version="1.0" encoding="utf-8"?>
<Project ToolsVersion="16.0" xmlns="http://schemas.microsoft.com/developer/msbuild/2003">
  <ItemGroup>
    <ClCompile Include="..\pcrecpp.cc">
      <Filter>Source Files</Filter>
    </ClCompile>
    <ClCompile Include="..\pcre_scanner.cc">
      <Filter>Source Files</Filter>
    </ClCompile>
    <ClCompile Include="..\pcre_stringpiece.cc">
      <Filter>Source Files</Filter>
    </ClCompile>
  </ItemGroup>
  <ItemGroup>
    <ClInclude Include="..\pcrecpp.h">
      <Filter>Header Files</Filter>
    </ClInclude>
    <ClInclude Include="..\pcre_scanner.h">
      <Filter>Header Files</Filter>
    </ClInclude>
    <ClInclude Include=".\pcrecpparg.h">
      <Filter>Header Files</Filter>
    </ClInclude>
    <ClInclude Include=".\pcre_stringpiece.h">
      <Filter>Header Files</Filter>
    </ClInclude>
  </ItemGroup>
  <ItemGroup>
    <Filter Include="Header Files">
      <UniqueIdentifier>{C8957882-123F-3EAB-9F9A-8352E51FA812}</UniqueIdentifier>
    </Filter>
    <Filter Include="Source Files">
      <UniqueIdentifier>{E3102B19-9D35-3234-96BC-54EEE57E7F72}</UniqueIdentifier>
    </Filter>
  </ItemGroup>
</Project>